
Microsoft Visual Studio Solution File, Format Version 12.00
# Visual Studio Version 17
VisualStudioVersion = 17.7.34031.279
MinimumVisualStudioVersion = 10.0.40219.1
Project("{FAE04EC0-301F-11D3-BF4B-00C04F79EFBC}") = "hometasknov5th", "hometasknov5th\hometasknov5th.csproj", "{C8DD7893-8CE9-48BF-AE69-6D0E84957D31}"
EndProject
Global
	GlobalSection(SolutionConfigurationPlatforms) = preSolution
		Debug|Any CPU = Debug|Any CPU
		Release|Any CPU = Release|Any CPU
	EndGlobalSection
	GlobalSection(ProjectConfigurationPlatforms) = postSolution
		{C8DD7893-8CE9-48BF-AE69-6D0E84957D31}.Debug|Any CPU.ActiveCfg = Debug|Any CPU
		{C8DD7893-8CE9-48BF-AE69-6D0E84957D31}.Debug|Any CPU.Build.0 = Debug|Any CPU
		{C8DD7893-8CE9-48BF-AE69-6D0E84957D31}.Release|Any CPU.ActiveCfg = Release|Any CPU
		{C8DD7893-8CE9-48BF-AE69-6D0E84957D31}.Release|Any CPU.Build.0 = Release|Any CPU
	EndGlobalSection
	GlobalSection(SolutionProperties) = preSolution
		HideSolutionNode = FALSE
	EndGlobalSection
	GlobalSection(ExtensibilityGlobals) = postSolution
		SolutionGuid = {81874F15-1CC6-4A5F-95FE-A6644AEBE12E}
	EndGlobalSection
EndGlobal
